{
    "behat/behat": {
        "version": "v3.8.1"
    },
    "behat/gherkin": {
        "version": "v4.6.2"
    },
    "behat/transliterator": {
        "version": "v1.3.0"
    },
    "doctrine/inflector": {
        "version": "2.0.3"
    },
    "nikic/php-parser": {
        "version": "v4.10.3"
    },
    "psr/cache": {
        "version": "1.0.1"
    },
    "roave/security-advisories": {
        "version": "dev-master"
    },
    "symfony/cache": {
        "version": "v5.2.1"
    },
    "symfony/cache-contracts": {
        "version": "v2.2.0"
    },
    "symfony/debug-bundle": {
        "version": "4.1",
        "recipe": {
            "repo": "github.com/symfony/recipes",
            "branch": "master",
            "version": "4.1",
            "ref": "f8863cbad2f2e58c4b65fa1eac892ab189971bea"
        },
        "files": [
            "config/packages/dev/debug.yaml"
        ]
    },
    "symfony/finder": {
        "version": "v5.2.1"
    },
    "symfony/framework-bundle": {
        "version": "5.2",
        "recipe": {
            "repo": "github.com/symfony/recipes",
            "branch": "master",
            "version": "5.2",
            "ref": "6ec87563dcc85cd0c48856dcfbfc29610506d250"
        },
        "files": [
            "config/packages/cache.yaml",
            "config/packages/framework.yaml",
            "config/packages/test/framework.yaml",
            "config/preload.php",
            "config/routes/dev/framework.yaml",
            "config/services.yaml",
            "public/index.php",
            "src/Controller/.gitignore",
            "src/Kernel.php"
        ]
    },
    "symfony/maker-bundle": {
        "version": "1.0",
        "recipe": {
            "repo": "github.com/symfony/recipes",
            "branch": "master",
            "version": "1.0",
            "ref": "fadbfe33303a76e25cb63401050439aa9b1a9c7f"
        }
    },
    "symfony/routing": {
        "version": "5.1",
        "recipe": {
            "repo": "github.com/symfony/recipes",
            "branch": "master",
            "version": "5.1",
            "ref": "b4f3e7c95e38b606eef467e8a42a8408fc460c43"
        },
        "files": [
            "config/packages/prod/routing.yaml",
            "config/packages/routing.yaml",
            "config/routes.yaml"
        ]
    },
    "symfony/twig-bridge": {
        "version": "v5.2.1"
    },
    "symfony/var-exporter": {
        "version": "v5.2.1"
    },
    "twig/twig": {
        "version": "v3.1.1"
    }
}
